# Pinned sources for the native NeuTTS runtime. build.sh refuses anything else.
# llama.cpp: Neuphonic's fork, which carries the NeuTTS speech-token changes.
llama.cpp.repository=https://github.com/neuphonic/llama.cpp
llama.cpp.commit=ff569ec0ef4677bf58ddc770c4e57d0cc1debc6e
# ONNX Runtime prebuilt for macOS arm64. The digest is the one GitHub lists for
# the release asset (gh api repos/microsoft/onnxruntime/releases/tags/v1.24.1).
onnxruntime.version=1.24.1
onnxruntime.archive=onnxruntime-osx-arm64-1.24.1.tgz
onnxruntime.url=https://github.com/microsoft/onnxruntime/releases/download/v1.24.1/onnxruntime-osx-arm64-1.24.1.tgz
onnxruntime.sha256=c2969315cd9ce0f5fa04f6b53ff72cb92f87f7dcf38e88cacfa40c8f983fbba9
# Reference implementation whose prompt format, speaker files and streaming
# constants this runtime follows, and whose LICENSE covers the NeuTTS models.
neutts.repository=https://github.com/neuphonic/neutts
neutts.commit=ac69851f28fc63a487917e7c2e27f0d75c759cba
neutts.license.sha256=c3308963748766e2617138a754a0f6915564aae7a4cc31c7d60dc30abf326224
neucodec.repository=https://github.com/neuphonic/neucodec
neucodec.commit=ed3e6cd1bdc374ce14a21355e5eee66a777149ce
neucodec.license.sha256=c71d239df91726fc519c6eb72d318ec65820627232b2f796219e87dcf35d0ab4
